PODS:
  - ADAL (2.2.0.1):
    - ADAL/iosinternalheaders (= 2.2.0.1)
    - ADAL/no-arc (= 2.2.0.1)
    - ADAL/tokencacheheader (= 2.2.0.1)
  - ADAL/no-arc (2.2.0.1)
  - ADAL/tokencacheheader (2.2.0.1)

DEPENDENCIES:
  - ADAL (~> 2.2.0)

SPEC CHECKSUMS:
  ADAL: 4664221c1589def234698d51415c78e577e9362e

PODFILE CHECKSUM: a1efc6950cd6b6757309cae9244338c8d9713c5f

COCOAPODS: 1.0.1
